{
    "_meta": {
        "hash": {
            "sha256": "7da7d5a209e07dcf89cda3a4cd84a756e74d7f8a8504db93689a26a34c494be4"
        },
        "pipfile-spec": 6,
        "requires": {
            "python_version": "3.12"
        },
        "sources": [
            {
                "name": "pypi",
                "url": "https://pypi.org/simple",
                "verify_ssl": true
            }
        ]
    },
    "default": {
        "asgiref": {
            "hashes": [
                "sha256:3e1e3ecc849832fe52ccf2cb6686b7a55f82bb1d6aee72a58826471390335e47",
                "sha256:c343bd80a0bec947a9860adb4c432ffa7db769836c64238fc34bdc3fec84d590"
            ],
            "markers": "python_version >= '3.8'",
            "version": "==3.8.1"
        },
        "crispy-tailwind": {
            "hashes": [
                "sha256:2bc9f616d406e4b003f25d46fcb0079f1c2522719d97adb107667271d849459a",
                "sha256:31427f66b1c4fd0d6fb040f4197cfb97d104cdbe7641ea2dea940c0057c4db4b"
            ],
            "index": "pypi",
            "markers": "python_version >= '3.8'",
            "version": "==1.0.3"
        },
        "django": {
            "hashes": [
                "sha256:021ffb7fdab3d2d388bc8c7c2434eb9c1f6f4d09e6119010bbb1694dda286bc2",
                "sha256:71603f27dac22a6533fb38d83072eea9ddb4017fead6f67f2562a40402d61c3f"
            ],
            "index": "pypi",
            "markers": "python_version >= '3.10'",
            "version": "==5.1.1"
        },
        "django-crispy-forms": {
            "hashes": [
                "sha256:2db17ae08527201be1273f0df789e5f92819e23dd28fec69cffba7f3762e1a38",
                "sha256:efc4c31e5202bbec6af70d383a35e12fc80ea769d464fb0e7fe21768bb138a20"
            ],
            "markers": "python_version >= '3.8'",
            "version": "==2.3"
        },
        "django-unique-user-email": {
            "hashes": [
                "sha256:1da83203fcecedcf57da8542fa67ce24ff89f6b16be082448da836e61be69d05",
                "sha256:cf613006ef0112f4952eebccc3d8e1df1583abac90550eb20abd02d8834e6219"
            ],
            "index": "pypi",
            "version": "==23.2"
        },
        "sqlparse": {
            "hashes": [
                "sha256:773dcbf9a5ab44a090f3441e2180efe2560220203dc2f8c0b0fa141e18b505e4",
                "sha256:bb6b4df465655ef332548e24f08e205afc81b9ab86cb1c45657a7ff173a3a00e"
            ],
            "markers": "python_version >= '3.8'",
            "version": "==0.5.1"
        }
    },
    "develop": {}
}
